// !$*UTF8*$!
{
	archiveVersion = 1;
	classes = {
	};
	objectVersion = 77;
	objects = {

/* Begin PBXContainerItemProxy section */
		E8A48A442F4EF95400EF0D1A /* PBXContainerItemProxy */ = {
			isa = PBXContainerItemProxy;
			containerPortal = E8A48A2E2F4EF95300EF0D1A /* Project object */;
			proxyType = 1;
			remoteGlobalIDString = E8A48A352F4EF95300EF0D1A;
			remoteInfo = ShotCli;
		};
		E8A48A4E2F4EF95400EF0D1A /* PBXContainerItemProxy */ = {
			isa = PBXContainerItemProxy;
			containerPortal = E8A48A2E2F4EF95300EF0D1A /* Project object */;
			proxyType = 1;
			remoteGlobalIDString = E8A48A352F4EF95300EF0D1A;
			remoteInfo = ShotCli;
		};
/* End PBXContainerItemProxy section */

/* Begin PBXFileReference section */
		E8A48A362F4EF95300EF0D1A /* ShotCli.app */ = {isa = PBXFileReference; explicitFileType = wrapper.application; includeInIndex = 0; path = ShotCli.app; sourceTree = BUILT_PRODUCTS_DIR; };
		E8A48A432F4EF95400EF0D1A /* ShotCliTests.xctest */ = {isa = PBXFileReference; explicitFileType = wrapper.cfbundle; includeInIndex = 0; path = ShotCliTests.xctest; sourceTree = BUILT_PRODUCTS_DIR; };
		E8A48A4D2F4EF95400EF0D1A /* ShotCliUITests.xctest */ = {isa = PBXFileReference; explicitFileType = wrapper.cfbundle; includeInIndex = 0; path = ShotCliUITests.xctest; sourceTree = BUILT_PRODUCTS_DIR; };
/* End PBXFileReference section */

/* Begin PBXFileSystemSynchronizedRootGroup section */
		E8A48A382F4EF95300EF0D1A /* ShotCli */ = {
			isa = PBXFileSystemSynchronizedRootGroup;
			path = ShotCli;
			sourceTree = "<group>";
		};
		E8A48A462F4EF95400EF0D1A /* ShotCliTests */ = {
			isa = PBXFileSystemSynchronizedRootGroup;
			path = ShotCliTests;
			sourceTree = "<group>";
		};
		E8A48A502F4EF95400EF0D1A /* ShotCliUITests */ = {
			isa = PBXFileSystemSynchronizedRootGroup;
			path = ShotCliUITests;
			sourceTree = "<group>";
		};
/* End PBXFileSystemSynchronizedRootGroup section */

/* Begin PBXFrameworksBuildPhase section */
		E8A48A332F4EF95300EF0D1A /* Frameworks */ = {
			isa = PBXFrameworksBuildPhase;
			buildActionMask = 2147483647;
			files = (
			);
			runOnlyForDeploymentPostprocessing = 0;
		};
		E8A48A402F4EF95400EF0D1A /* Frameworks */ = {
			isa = PBXFrameworksBuildPhase;
			buildActionMask = 2147483647;
			files = (
			);
			runOnlyForDeploymentPostprocessing = 0;
		};
		E8A48A4A2F4EF95400EF0D1A /* Frameworks */ = {
			isa = PBXFrameworksBuildPhase;
			buildActionMask = 2147483647;
			files = (
			);
			runOnlyForDeploymentPostprocessing = 0;
		};
/* End PBXFrameworksBuildPhase section */

/* Begin PBXGroup section */
		E8A48A2D2F4EF95300EF0D1A = {
			isa = PBXGroup;
			children = (
				E8A48A382F4EF95300EF0D1A /* ShotCli */,
				E8A48A462F4EF95400EF0D1A /* ShotCliTests */,
				E8A48A502F4EF95400EF0D1A /* ShotCliUITests */,
				E8A48A372F4EF95300EF0D1A /* Products */,
			);
			sourceTree = "<group>";
		};
		E8A48A372F4EF95300EF0D1A /* Products */ = {
			isa = PBXGroup;
			children = (
				E8A48A362F4EF95300EF0D1A /* ShotCli.app */,
				E8A48A432F4EF95400EF0D1A /* ShotCliTests.xctest */,
				E8A48A4D2F4EF95400EF0D1A /* ShotCliUITests.xctest */,
			);
			name = Products;
			sourceTree = "<group>";
		};
/* End PBXGroup section */

/* Begin PBXNativeTarget section */
		E8A48A352F4EF95300EF0D1A /* ShotCli */ = {
			isa = PBXNativeTarget;
			buildConfigurationList = E8A48A572F4EF95400EF0D1A /* Build configuration list for PBXNativeTarget "ShotCli" */;
			buildPhases = (
				E8A48A322F4EF95300EF0D1A /* Sources */,
				E8A48A332F4EF95300EF0D1A /* Frameworks */,
				E8A48A342F4EF95300EF0D1A /* Resources */,
			);
			buildRules = (
			);
			dependencies = (
			);
			fileSystemSynchronizedGroups = (
				E8A48A382F4EF95300EF0D1A /* ShotCli */,
			);
			name = ShotCli;
			packageProductDependencies = (
			);
			productName = ShotCli;
			productReference = E8A48A362F4EF95300EF0D1A /* ShotCli.app */;
			productType = "com.apple.product-type.application";
		};
		E8A48A422F4EF95400EF0D1A /* ShotCliTests */ = {
			isa = PBXNativeTarget;
			buildConfigurationList = E8A48A5A2F4EF95400EF0D1A /* Build configuration list for PBXNativeTarget "ShotCliTests" */;
			buildPhases = (
				E8A48A3F2F4EF95400EF0D1A /* Sources */,
				E8A48A402F4EF95400EF0D1A /* Frameworks */,
				E8A48A412F4EF95400EF0D1A /* Resources */,
			);
			buildRules = (
			);
			dependencies = (
				E8A48A452F4EF95400EF0D1A /* PBXTargetDependency */,
			);
			fileSystemSynchronizedGroups = (
				E8A48A462F4EF95400EF0D1A /* ShotCliTests */,
			);
			name = ShotCliTests;
			packageProductDependencies = (
			);
			productName = ShotCliTests;
			productReference = E8A48A432F4EF95400EF0D1A /* ShotCliTests.xctest */;
			productType = "com.apple.product-type.bundle.unit-test";
		};
		E8A48A4C2F4EF95400EF0D1A /* ShotCliUITests */ = {
			isa = PBXNativeTarget;
			buildConfigurationList = E8A48A5D2F4EF95400EF0D1A /* Build configuration list for PBXNativeTarget "ShotCliUITests" */;
			buildPhases = (
				E8A48A492F4EF95400EF0D1A /* Sources */,
				E8A48A4A2F4EF95400EF0D1A /* Frameworks */,
				E8A48A4B2F4EF95400EF0D1A /* Resources */,
			);
			buildRules = (
			);
			dependencies = (
				E8A48A4F2F4EF95400EF0D1A /* PBXTargetDependency */,
			);
			fileSystemSynchronizedGroups = (
				E8A48A502F4EF95400EF0D1A /* ShotCliUITests */,
			);
			name = ShotCliUITests;
			packageProductDependencies = (
			);
			productName = ShotCliUITests;
			productReference = E8A48A4D2F4EF95400EF0D1A /* ShotCliUITests.xctest */;
			productType = "com.apple.product-type.bundle.ui-testing";
		};
/* End PBXNativeTarget section */

/* Begin PBXProject section */
		E8A48A2E2F4EF95300EF0D1A /* Project object */ = {
			isa = PBXProject;
			attributes = {
				BuildIndependentTargetsInParallel = 1;
				LastSwiftUpdateCheck = 2620;
				LastUpgradeCheck = 2620;
				TargetAttributes = {
					E8A48A352F4EF95300EF0D1A = {
						CreatedOnToolsVersion = 26.2;
					};
					E8A48A422F4EF95400EF0D1A = {
						CreatedOnToolsVersion = 26.2;
						TestTargetID = E8A48A352F4EF95300EF0D1A;
					};
					E8A48A4C2F4EF95400EF0D1A = {
						CreatedOnToolsVersion = 26.2;
						TestTargetID = E8A48A352F4EF95300EF0D1A;
					};
				};
			};
			buildConfigurationList = E8A48A312F4EF95300EF0D1A /* Build configuration list for PBXProject "ShotCli" */;
			developmentRegion = en;
			hasScannedForEncodings = 0;
			knownRegions = (
				en,
				Base,
			);
			mainGroup = E8A48A2D2F4EF95300EF0D1A;
			minimizedProjectReferenceProxies = 1;
			preferredProjectObjectVersion = 77;
			productRefGroup = E8A48A372F4EF95300EF0D1A /* Products */;
			projectDirPath = "";
			projectRoot = "";
			targets = (
				E8A48A352F4EF95300EF0D1A /* ShotCli */,
				E8A48A422F4EF95400EF0D1A /* ShotCliTests */,
				E8A48A4C2F4EF95400EF0D1A /* ShotCliUITests */,
			);
		};
/* End PBXProject section */

/* Begin PBXResourcesBuildPhase section */
		E8A48A342F4EF95300EF0D1A /* Resources */ = {
			isa = PBXResourcesBuildPhase;
			buildActionMask = 2147483647;
			files = (
			);
			runOnlyForDeploymentPostprocessing = 0;
		};
		E8A48A412F4EF95400EF0D1A /* Resources */ = {
			isa = PBXResourcesBuildPhase;
			buildActionMask = 2147483647;
			files = (
			);
			runOnlyForDeploymentPostprocessing = 0;
		};
		E8A48A4B2F4EF95400EF0D1A /* Resources */ = {
			isa = PBXResourcesBuildPhase;
			buildActionMask = 2147483647;
			files = (
			);
			runOnlyForDeploymentPostprocessing = 0;
		};
/* End PBXResourcesBuildPhase section */

/* Begin PBXSourcesBuildPhase section */
		E8A48A322F4EF95300EF0D1A /* Sources */ = {
			isa = PBXSourcesBuildPhase;
			buildActionMask = 2147483647;
			files = (
			);
			runOnlyForDeploymentPostprocessing = 0;
		};
		E8A48A3F2F4EF95400EF0D1A /* Sources */ = {
			isa = PBXSourcesBuildPhase;
			buildActionMask = 2147483647;
			files = (
			);
			runOnlyForDeploymentPostprocessing = 0;
		};
		E8A48A492F4EF95400EF0D1A /* Sources */ = {
			isa = PBXSourcesBuildPhase;
			buildActionMask = 2147483647;
			files = (
			);
			runOnlyForDeploymentPostprocessing = 0;
		};
/* End PBXSourcesBuildPhase section */

/* Begin PBXTargetDependency section */
		E8A48A452F4EF95400EF0D1A /* PBXTargetDependency */ = {
			isa = PBXTargetDependency;
			target = E8A48A352F4EF95300EF0D1A /* ShotCli */;
			targetProxy = E8A48A442F4EF95400EF0D1A /* PBXContainerItemProxy */;
		};
		E8A48A4F2F4EF95400EF0D1A /* PBXTargetDependency */ = {
			isa = PBXTargetDependency;
			target = E8A48A352F4EF95300EF0D1A /* ShotCli */;
			targetProxy = E8A48A4E2F4EF95400EF0D1A /* PBXContainerItemProxy */;
		};
/* End PBXTargetDependency section */

/* Begin XCBuildConfiguration section */
		E8A48A552F4EF95400EF0D1A /* Debug */ = {
			isa = XCBuildConfiguration;
			buildSettings = {
				ALWAYS_SEARCH_USER_PATHS = NO;
				ASSETCATALOG_COMPILER_GENERATE_SWIFT_ASSET_SYMBOL_EXTENSIONS = YES;
				CLANG_ANALYZER_NONNULL = YES;
				CLANG_ANALYZER_NUMBER_OBJECT_CONVERSION = YES_AGGRESSIVE;
				CLANG_CXX_LANGUAGE_STANDARD = "gnu++20";
				CLANG_ENABLE_MODULES = YES;
				CLANG_ENABLE_OBJC_ARC = YES;
				CLANG_ENABLE_OBJC_WEAK = YES;
				CLANG_WARN_BLOCK_CAPTURE_AUTORELEASING = YES;
				CLANG_WARN_BOOL_CONVERSION = YES;
				CLANG_WARN_COMMA = YES;
				CLANG_WARN_CONSTANT_CONVERSION = YES;
				CLANG_WARN_DEPRECATED_OBJC_IMPLEMENTATIONS = YES;
				CLANG_WARN_DIRECT_OBJC_ISA_USAGE = YES_ERROR;
				CLANG_WARN_DOCUMENTATION_COMMENTS = YES;
				CLANG_WARN_EMPTY_BODY = YES;
				CLANG_WARN_ENUM_CONVERSION = YES;
				CLANG_WARN_INFINITE_RECURSION = YES;
				CLANG_WARN_INT_CONVERSION = YES;
				CLANG_WARN_NON_LITERAL_NULL_CONVERSION = YES;
				CLANG_WARN_OBJC_IMPLICIT_RETAIN_SELF = YES;
				CLANG_WARN_OBJC_LITERAL_CONVERSION = YES;
				CLANG_WARN_OBJC_ROOT_CLASS = YES_ERROR;
				CLANG_WARN_QUOTED_INCLUDE_IN_FRAMEWORK_HEADER = YES;
				CLANG_WARN_RANGE_LOOP_ANALYSIS = YES;
				CLANG_WARN_STRICT_PROTOTYPES = YES;
				CLANG_WARN_SUSPICIOUS_MOVE = YES;
				CLANG_WARN_UNGUARDED_AVAILABILITY = YES_AGGRESSIVE;
				CLANG_WARN_UNREACHABLE_CODE = YES;
				CLANG_WARN__DUPLICATE_METHOD_MATCH = YES;
				COPY_PHASE_STRIP = NO;
				DEBUG_INFORMATION_FORMAT = dwarf;
				DEVELOPMENT_TEAM = K4BQX3H5UV;
				ENABLE_STRICT_OBJC_MSGSEND = YES;
				ENABLE_TESTABILITY = YES;
				ENABLE_USER_SCRIPT_SANDBOXING = YES;
				GCC_C_LANGUAGE_STANDARD = gnu17;
				GCC_DYNAMIC_NO_PIC = NO;
				GCC_NO_COMMON_BLOCKS = YES;
				GCC_OPTIMIZATION_LEVEL = 0;
				GCC_PREPROCESSOR_DEFINITIONS = (
					"DEBUG=1",
					"$(inherited)",
				);
				GCC_WARN_64_TO_32_BIT_CONVERSION = YES;
				GCC_WARN_ABOUT_RETURN_TYPE = YES_ERROR;
				GCC_WARN_UNDECLARED_SELECTOR = YES;
				GCC_WARN_UNINITIALIZED_AUTOS = YES_AGGRESSIVE;
				GCC_WARN_UNUSED_FUNCTION = YES;
				GCC_WARN_UNUSED_VARIABLE = YES;
				LOCALIZATION_PREFERS_STRING_CATALOGS = YES;
				MACOSX_DEPLOYMENT_TARGET = 26.2;
				MTL_ENABLE_DEBUG_INFO = INCLUDE_SOURCE;
				MTL_FAST_MATH = YES;
				ONLY_ACTIVE_ARCH = YES;
				SDKROOT = macosx;
				SWIFT_ACTIVE_COMPILATION_CONDITIONS = "DEBUG $(inherited)";
				SWIFT_OPTIMIZATION_LEVEL = "-Onone";
			};
			name = Debug;
		};
		E8A48A562F4EF95400EF0D1A /* Release */ = {
			isa = XCBuildConfiguration;
			buildSettings = {
				ALWAYS_SEARCH_USER_PATHS = NO;
				ASSETCATALOG_COMPILER_GENERATE_SWIFT_ASSET_SYMBOL_EXTENSIONS = YES;
				CLANG_ANALYZER_NONNULL = YES;
				CLANG_ANALYZER_NUMBER_OBJECT_CONVERSION = YES_AGGRESSIVE;
				CLANG_CXX_LANGUAGE_STANDARD = "gnu++20";
				CLANG_ENABLE_MODULES = YES;
				CLANG_ENABLE_OBJC_ARC = YES;
				CLANG_ENABLE_OBJC_WEAK = YES;
				CLANG_WARN_BLOCK_CAPTURE_AUTORELEASING = YES;
				CLANG_WARN_BOOL_CONVERSION = YES;
				CLANG_WARN_COMMA = YES;
				CLANG_WARN_CONSTANT_CONVERSION = YES;
				CLANG_WARN_DEPRECATED_OBJC_IMPLEMENTATIONS = YES;
				CLANG_WARN_DIRECT_OBJC_ISA_USAGE = YES_ERROR;
				CLANG_WARN_DOCUMENTATION_COMMENTS = YES;
				CLANG_WARN_EMPTY_BODY = YES;
				CLANG_WARN_ENUM_CONVERSION = YES;
				CLANG_WARN_INFINITE_RECURSION = YES;
				CLANG_WARN_INT_CONVERSION = YES;
				CLANG_WARN_NON_LITERAL_NULL_CONVERSION = YES;
				CLANG_WARN_OBJC_IMPLICIT_RETAIN_SELF = YES;
				CLANG_WARN_OBJC_LITERAL_CONVERSION = YES;
				CLANG_WARN_OBJC_ROOT_CLASS = YES_ERROR;
				CLANG_WARN_QUOTED_INCLUDE_IN_FRAMEWORK_HEADER = YES;
				CLANG_WARN_RANGE_LOOP_ANALYSIS = YES;
				CLANG_WARN_STRICT_PROTOTYPES = YES;
				CLANG_WARN_SUSPICIOUS_MOVE = YES;
				CLANG_WARN_UNGUARDED_AVAILABILITY = YES_AGGRESSIVE;
				CLANG_WARN_UNREACHABLE_CODE = YES;
				CLANG_WARN__DUPLICATE_METHOD_MATCH = YES;
				COPY_PHASE_STRIP = NO;
				DEBUG_INFORMATION_FORMAT = "dwarf-with-dsym";
				DEVELOPMENT_TEAM = K4BQX3H5UV;
				ENABLE_NS_ASSERTIONS = NO;
				ENABLE_STRICT_OBJC_MSGSEND = YES;
				ENABLE_USER_SCRIPT_SANDBOXING = YES;
				GCC_C_LANGUAGE_STANDARD = gnu17;
				GCC_NO_COMMON_BLOCKS = YES;
				GCC_WARN_64_TO_32_BIT_CONVERSION = YES;
				GCC_WARN_ABOUT_RETURN_TYPE = YES_ERROR;
				GCC_WARN_UNDECLARED_SELECTOR = YES;
				GCC_WARN_UNINITIALIZED_AUTOS = YES_AGGRESSIVE;
				GCC_WARN_UNUSED_FUNCTION = YES;
				GCC_WARN_UNUSED_VARIABLE = YES;
				LOCALIZATION_PREFERS_STRING_CATALOGS = YES;
				MACOSX_DEPLOYMENT_TARGET = 26.2;
				MTL_ENABLE_DEBUG_INFO = NO;
				MTL_FAST_MATH = YES;
				SDKROOT = macosx;
				SWIFT_COMPILATION_MODE = wholemodule;
			};
			name = Release;
		};
		E8A48A582F4EF95400EF0D1A /* Debug */ = {
			isa = XCBuildConfiguration;
			buildSettings = {
				ASSETCATALOG_COMPILER_APPICON_NAME = AppIcon;
				ASSETCATALOG_COMPILER_GLOBAL_ACCENT_COLOR_NAME = AccentColor;
				CODE_SIGN_STYLE = Automatic;
				COMBINE_HIDPI_IMAGES = YES;
				CURRENT_PROJECT_VERSION = 1;
				DEVELOPMENT_TEAM = K4BQX3H5UV;
				ENABLE_APP_SANDBOX = YES;
				ENABLE_HARDENED_RUNTIME = YES;
				ENABLE_PREVIEWS = YES;
				ENABLE_USER_SELECTED_FILES = readonly;
				GENERATE_INFOPLIST_FILE = YES;
				INFOPLIST_KEY_NSHumanReadableCopyright = "";
				LD_RUNPATH_SEARCH_PATHS = (
					"$(inherited)",
					"@executable_path/../Frameworks",
				);
				MARKETING_VERSION = 1.0;
				PRODUCT_BUNDLE_IDENTIFIER = com.shshaoxia.ShotCli;
				PRODUCT_NAME = "$(TARGET_NAME)";
				REGISTER_APP_GROUPS = YES;
				STRING_CATALOG_GENERATE_SYMBOLS = YES;
				SWIFT_APPROACHABLE_CONCURRENCY = YES;
				SWIFT_DEFAULT_ACTOR_ISOLATION = MainActor;
				SWIFT_EMIT_LOC_STRINGS = YES;
				SWIFT_UPCOMING_FEATURE_MEMBER_IMPORT_VISIBILITY = YES;
				SWIFT_VERSION = 5.0;
			};
			name = Debug;
		};
		E8A48A592F4EF95400EF0D1A /* Release */ = {
			isa = XCBuildConfiguration;
			buildSettings = {
				ASSETCATALOG_COMPILER_APPICON_NAME = AppIcon;
				ASSETCATALOG_COMPILER_GLOBAL_ACCENT_COLOR_NAME = AccentColor;
				CODE_SIGN_STYLE = Automatic;
				COMBINE_HIDPI_IMAGES = YES;
				CURRENT_PROJECT_VERSION = 1;
				DEVELOPMENT_TEAM = K4BQX3H5UV;
				ENABLE_APP_SANDBOX = YES;
				ENABLE_HARDENED_RUNTIME = YES;
				ENABLE_PREVIEWS = YES;
				ENABLE_USER_SELECTED_FILES = readonly;
				GENERATE_INFOPLIST_FILE = YES;
				INFOPLIST_KEY_NSHumanReadableCopyright = "";
				LD_RUNPATH_SEARCH_PATHS = (
					"$(inherited)",
					"@executable_path/../Frameworks",
				);
				MARKETING_VERSION = 1.0;
				PRODUCT_BUNDLE_IDENTIFIER = com.shshaoxia.ShotCli;
				PRODUCT_NAME = "$(TARGET_NAME)";
				REGISTER_APP_GROUPS = YES;
				STRING_CATALOG_GENERATE_SYMBOLS = YES;
				SWIFT_APPROACHABLE_CONCURRENCY = YES;
				SWIFT_DEFAULT_ACTOR_ISOLATION = MainActor;
				SWIFT_EMIT_LOC_STRINGS = YES;
				SWIFT_UPCOMING_FEATURE_MEMBER_IMPORT_VISIBILITY = YES;
				SWIFT_VERSION = 5.0;
			};
			name = Release;
		};
		E8A48A5B2F4EF95400EF0D1A /* Debug */ = {
			isa = XCBuildConfiguration;
			buildSettings = {
				BUNDLE_LOADER = "$(TEST_HOST)";
				CODE_SIGN_STYLE = Automatic;
				CURRENT_PROJECT_VERSION = 1;
				DEVELOPMENT_TEAM = K4BQX3H5UV;
				GENERATE_INFOPLIST_FILE = YES;
				MACOSX_DEPLOYMENT_TARGET = 26.2;
				MARKETING_VERSION = 1.0;
				PRODUCT_BUNDLE_IDENTIFIER = com.shshaoxia.ShotCliTests;
				PRODUCT_NAME = "$(TARGET_NAME)";
				STRING_CATALOG_GENERATE_SYMBOLS = NO;
				SWIFT_APPROACHABLE_CONCURRENCY = YES;
				SWIFT_EMIT_LOC_STRINGS = NO;
				SWIFT_UPCOMING_FEATURE_MEMBER_IMPORT_VISIBILITY = YES;
				SWIFT_VERSION = 5.0;
				TEST_HOST = "$(BUILT_PRODUCTS_DIR)/ShotCli.app/$(BUNDLE_EXECUTABLE_FOLDER_PATH)/ShotCli";
			};
			name = Debug;
		};
		E8A48A5C2F4EF95400EF0D1A /* Release */ = {
			isa = XCBuildConfiguration;
			buildSettings = {
				BUNDLE_LOADER = "$(TEST_HOST)";
				CODE_SIGN_STYLE = Automatic;
				CURRENT_PROJECT_VERSION = 1;
				DEVELOPMENT_TEAM = K4BQX3H5UV;
				GENERATE_INFOPLIST_FILE = YES;
				MACOSX_DEPLOYMENT_TARGET = 26.2;
				MARKETING_VERSION = 1.0;
				PRODUCT_BUNDLE_IDENTIFIER = com.shshaoxia.ShotCliTests;
				PRODUCT_NAME = "$(TARGET_NAME)";
				STRING_CATALOG_GENERATE_SYMBOLS = NO;
				SWIFT_APPROACHABLE_CONCURRENCY = YES;
				SWIFT_EMIT_LOC_STRINGS = NO;
				SWIFT_UPCOMING_FEATURE_MEMBER_IMPORT_VISIBILITY = YES;
				SWIFT_VERSION = 5.0;
				TEST_HOST = "$(BUILT_PRODUCTS_DIR)/ShotCli.app/$(BUNDLE_EXECUTABLE_FOLDER_PATH)/ShotCli";
			};
			name = Release;
		};
		E8A48A5E2F4EF95400EF0D1A /* Debug */ = {
			isa = XCBuildConfiguration;
			buildSettings = {
				CODE_SIGN_STYLE = Automatic;
				CURRENT_PROJECT_VERSION = 1;
				DEVELOPMENT_TEAM = K4BQX3H5UV;
				GENERATE_INFOPLIST_FILE = YES;
				MARKETING_VERSION = 1.0;
				PRODUCT_BUNDLE_IDENTIFIER = com.shshaoxia.ShotCliUITests;
				PRODUCT_NAME = "$(TARGET_NAME)";
				STRING_CATALOG_GENERATE_SYMBOLS = NO;
				SWIFT_APPROACHABLE_CONCURRENCY = YES;
				SWIFT_EMIT_LOC_STRINGS = NO;
				SWIFT_UPCOMING_FEATURE_MEMBER_IMPORT_VISIBILITY = YES;
				SWIFT_VERSION = 5.0;
				TEST_TARGET_NAME = ShotCli;
			};
			name = Debug;
		};
		E8A48A5F2F4EF95400EF0D1A /* Release */ = {
			isa = XCBuildConfiguration;
			buildSettings = {
				CODE_SIGN_STYLE = Automatic;
				CURRENT_PROJECT_VERSION = 1;
				DEVELOPMENT_TEAM = K4BQX3H5UV;
				GENERATE_INFOPLIST_FILE = YES;
				MARKETING_VERSION = 1.0;
				PRODUCT_BUNDLE_IDENTIFIER = com.shshaoxia.ShotCliUITests;
				PRODUCT_NAME = "$(TARGET_NAME)";
				STRING_CATALOG_GENERATE_SYMBOLS = NO;
				SWIFT_APPROACHABLE_CONCURRENCY = YES;
				SWIFT_EMIT_LOC_STRINGS = NO;
				SWIFT_UPCOMING_FEATURE_MEMBER_IMPORT_VISIBILITY = YES;
				SWIFT_VERSION = 5.0;
				TEST_TARGET_NAME = ShotCli;
			};
			name = Release;
		};
/* End XCBuildConfiguration section */

/* Begin XCConfigurationList section */
		E8A48A312F4EF95300EF0D1A /* Build configuration list for PBXProject "ShotCli" */ = {
			isa = XCConfigurationList;
			buildConfigurations = (
				E8A48A552F4EF95400EF0D1A /* Debug */,
				E8A48A562F4EF95400EF0D1A /* Release */,
			);
			defaultConfigurationIsVisible = 0;
			defaultConfigurationName = Release;
		};
		E8A48A572F4EF95400EF0D1A /* Build configuration list for PBXNativeTarget "ShotCli" */ = {
			isa = XCConfigurationList;
			buildConfigurations = (
				E8A48A582F4EF95400EF0D1A /* Debug */,
				E8A48A592F4EF95400EF0D1A /* Release */,
			);
			defaultConfigurationIsVisible = 0;
			defaultConfigurationName = Release;
		};
		E8A48A5A2F4EF95400EF0D1A /* Build configuration list for PBXNativeTarget "ShotCliTests" */ = {
			isa = XCConfigurationList;
			buildConfigurations = (
				E8A48A5B2F4EF95400EF0D1A /* Debug */,
				E8A48A5C2F4EF95400EF0D1A /* Release */,
			);
			defaultConfigurationIsVisible = 0;
			defaultConfigurationName = Release;
		};
		E8A48A5D2F4EF95400EF0D1A /* Build configuration list for PBXNativeTarget "ShotCliUITests" */ = {
			isa = XCConfigurationList;
			buildConfigurations = (
				E8A48A5E2F4EF95400EF0D1A /* Debug */,
				E8A48A5F2F4EF95400EF0D1A /* Release */,
			);
			defaultConfigurationIsVisible = 0;
			defaultConfigurationName = Release;
		};
/* End XCConfigurationList section */
	};
	rootObject = E8A48A2E2F4EF95300EF0D1A /* Project object */;
}
